Microsoft Visual Studio Solution File, Format Version 12.00
# Visual Studio Version 17
VisualStudioVersion = 17.5.002.0
MinimumVisualStudioVersion = 10.0.40219.1
Project("{9A19103F-16F7-4668-BE54-9A1E7A4F7556}") = "Calculadora", "Calculadora\Calculadora.csproj", "{99BFBD4E-51E3-43DE-9830-F26F9F1182BD}"
EndProject
Project("{9A19103F-16F7-4668-BE54-9A1E7A4F7556}") = "Test", "Test\Test.csproj", "{E15B40E3-4199-4057-969F-770BAE41CF9C}"
EndProject
Global
	GlobalSection(SolutionConfigurationPlatforms) = preSolution
		Debug|Any CPU = Debug|Any CPU
		Release|Any CPU = Release|Any CPU
	EndGlobalSection
	GlobalSection(ProjectConfigurationPlatforms) = postSolution
		{99BFBD4E-51E3-43DE-9830-F26F9F1182BD}.Debug|Any CPU.ActiveCfg = Debug|Any CPU
		{99BFBD4E-51E3-43DE-9830-F26F9F1182BD}.Debug|Any CPU.Build.0 = Debug|Any CPU
		{99BFBD4E-51E3-43DE-9830-F26F9F1182BD}.Release|Any CPU.ActiveCfg = Release|Any CPU
		{99BFBD4E-51E3-43DE-9830-F26F9F1182BD}.Release|Any CPU.Build.0 = Release|Any CPU
		{E15B40E3-4199-4057-969F-770BAE41CF9C}.Debug|Any CPU.ActiveCfg = Debug|Any CPU
		{E15B40E3-4199-4057-969F-770BAE41CF9C}.Debug|Any CPU.Build.0 = Debug|Any CPU
		{E15B40E3-4199-4057-969F-770BAE41CF9C}.Release|Any CPU.ActiveCfg = Release|Any CPU
		{E15B40E3-4199-4057-969F-770BAE41CF9C}.Release|Any CPU.Build.0 = Release|Any CPU
	EndGlobalSection
	GlobalSection(SolutionProperties) = preSolution
		HideSolutionNode = FALSE
	EndGlobalSection
	GlobalSection(ExtensibilityGlobals) = postSolution
		SolutionGuid = {87BB0322-2E1B-4A2B-8FB5-94B69E713160}
	EndGlobalSection
EndGlobal
